
Microsoft Visual Studio Solution File, Format Version 12.00
# Visual Studio 15
VisualStudioVersion = 15.0.27703.2000
MinimumVisualStudioVersion = 10.0.40219.1
Project("{FAE04EC0-301F-11D3-BF4B-00C04F79EFBC}") = "ookpExamTranslator", "ookpExamTranslator\ookpExamTranslator.csproj", "{F8A6954F-52A5-49BE-AD35-C3492F6478B7}"
EndProject
Global
	GlobalSection(SolutionConfigurationPlatforms) = preSolution
		Debug|Any CPU = Debug|Any CPU
		Release|Any CPU = Release|Any CPU
	EndGlobalSection
	GlobalSection(ProjectConfigurationPlatforms) = postSolution
		{F8A6954F-52A5-49BE-AD35-C3492F6478B7}.Debug|Any CPU.ActiveCfg = Debug|Any CPU
		{F8A6954F-52A5-49BE-AD35-C3492F6478B7}.Debug|Any CPU.Build.0 = Debug|Any CPU
		{F8A6954F-52A5-49BE-AD35-C3492F6478B7}.Release|Any CPU.ActiveCfg = Release|Any CPU
		{F8A6954F-52A5-49BE-AD35-C3492F6478B7}.Release|Any CPU.Build.0 = Release|Any CPU
	EndGlobalSection
	GlobalSection(SolutionProperties) = preSolution
		HideSolutionNode = FALSE
	EndGlobalSection
	GlobalSection(ExtensibilityGlobals) = postSolution
		SolutionGuid = {5F61B3F3-9DAF-4A5F-967F-FDB2B0021D8C}
	EndGlobalSection
EndGlobal
